
Microsoft Visual Studio Solution File, Format Version 12.00
# Visual Studio Version 17
VisualStudioVersion = 17.2.32616.157
MinimumVisualStudioVersion = 10.0.40219.1
Project("{FAE04EC0-301F-11D3-BF4B-00C04F79EFBC}") = "ContactsBook", "ContactsBook\ContactsBook.csproj", "{1572C34D-867C-471D-A542-33DB6F47E502}"
EndProject
Global
	GlobalSection(SolutionConfigurationPlatforms) = preSolution
		Debug|Any CPU = Debug|Any CPU
		Release|Any CPU = Release|Any CPU
	EndGlobalSection
	GlobalSection(ProjectConfigurationPlatforms) = postSolution
		{1572C34D-867C-471D-A542-33DB6F47E502}.Debug|Any CPU.ActiveCfg = Debug|Any CPU
		{1572C34D-867C-471D-A542-33DB6F47E502}.Debug|Any CPU.Build.0 = Debug|Any CPU
		{1572C34D-867C-471D-A542-33DB6F47E502}.Release|Any CPU.ActiveCfg = Release|Any CPU
		{1572C34D-867C-471D-A542-33DB6F47E502}.Release|Any CPU.Build.0 = Release|Any CPU
	EndGlobalSection
	GlobalSection(SolutionProperties) = preSolution
		HideSolutionNode = FALSE
	EndGlobalSection
	GlobalSection(ExtensibilityGlobals) = postSolution
		SolutionGuid = {291C8F69-96E7-482B-85D2-D7FAADC1CE79}
	EndGlobalSection
EndGlobal
